<?xml version="1.0" encoding="utf-8"?>
<Project ToolsVersion="4.0" xmlns="http://schemas.microsoft.com/developer/msbuild/2003">
  <ItemGroup>
    <Filter Include="2D FrameWork">
      <UniqueIdentifier>{e984cee8-6760-435c-87f5-fa4efdea0738}</UniqueIdentifier>
    </Filter>
    <Filter Include="2D FrameWork\GImage">
      <UniqueIdentifier>{f1f05ad6-6eb1-4fa2-97ac-55a3f404c641}</UniqueIdentifier>
    </Filter>
    <Filter Include="2D FrameWork\DesignPattern">
      <UniqueIdentifier>{03f03cc5-3dd5-4fe1-bcfb-32118d4b9ca1}</UniqueIdentifier>
    </Filter>
    <Filter Include="2D FrameWork\FrameWorkManager">
      <UniqueIdentifier>{dbb6f802-6b09-4e5e-a0c8-a82c7691583a}</UniqueIdentifier>
    </Filter>
    <Filter Include="2D FrameWork\GameCore">
      <UniqueIdentifier>{241f99a7-149b-4c44-9503-f02f98c35ce4}</UniqueIdentifier>
    </Filter>
    <Filter Include="2D FrameWork\Utility">
      <UniqueIdentifier>{f262a28a-e267-4fc8-8728-3a3c88f96371}</UniqueIdentifier>
    </Filter>
    <Filter Include="2D FrameWork\PCH">
      <UniqueIdentifier>{38668fcf-e892-49a8-b564-dc2c4793fcb8}</UniqueIdentifier>
    </Filter>
    <Filter Include="MainMenu">
      <UniqueIdentifier>{d2ca9674-3c64-4513-9766-c303ef94aef7}</UniqueIdentifier>
    </Filter>
    <Filter Include="Boss">
      <UniqueIdentifier>{def5fd96-b6df-4588-a6c7-edd16f1aa480}</UniqueIdentifier>
    </Filter>
    <Filter Include="Tutorial">
      <UniqueIdentifier>{3e3289ba-062e-40df-9251-606f57b6f5a3}</UniqueIdentifier>
    </Filter>
    <Filter Include="Utils">
      <UniqueIdentifier>{c2a14420-85bc-469a-a979-918a27a4969f}</UniqueIdentifier>
    </Filter>
    <Filter Include="Boss\Isidora">
      <UniqueIdentifier>{093aba27-e901-4a6a-acd4-3ff5aea57989}</UniqueIdentifier>
    </Filter>
    <Filter Include="Boss\Pietat">
      <UniqueIdentifier>{3bd5908e-e1ec-46ac-8572-ba3355b77ae0}</UniqueIdentifier>
    </Filter>
    <Filter Include="Battle">
      <UniqueIdentifier>{babd6a8c-c96d-4e30-b9be-0a7d273534e4}</UniqueIdentifier>
    </Filter>
  </ItemGroup>
  <ItemGroup>
    <ClInclude Include="MainGame.h" />
    <ClInclude Include="GameNode.h">
      <Filter>2D FrameWork\GameCore</Filter>
    </ClInclude>
    <ClInclude Include="RandomFunction.h">
      <Filter>2D FrameWork\Utility</Filter>
    </ClInclude>
    <ClInclude Include="CommonMacroFucntion.h">
      <Filter>2D FrameWork\Utility</Filter>
    </ClInclude>
    <ClInclude Include="KeyManager.h">
      <Filter>2D FrameWork\FrameWorkManager</Filter>
    </ClInclude>
    <ClInclude Include="SingletonBase.h">
      <Filter>2D FrameWork\DesignPattern</Filter>
    </ClInclude>
    <ClInclude Include="ImageManager.h">
      <Filter>2D FrameWork\FrameWorkManager</Filter>
    </ClInclude>
    <ClInclude Include="SoundManager.h">
      <Filter>2D FrameWork\FrameWorkManager</Filter>
    </ClInclude>
    <ClInclude Include="GImage.h">
      <Filter>2D FrameWork\GImage</Filter>
    </ClInclude>
    <ClInclude Include="Stdafx.h">
      <Filter>2D FrameWork\PCH</Filter>
    </ClInclude>
    <ClInclude Include="FontManager.h">
      <Filter>2D FrameWork\FrameWorkManager</Filter>
    </ClInclude>
    <ClInclude Include="Player.h" />
    <ClInclude Include="Acolyte.h">
      <Filter>Battle</Filter>
    </ClInclude>
    <ClInclude Include="BaseMap.h">
      <Filter>Battle</Filter>
    </ClInclude>
    <ClInclude Include="BattleField.h">
      <Filter>Battle</Filter>
    </ClInclude>
    <ClInclude Include="MainMenu.h">
      <Filter>MainMenu</Filter>
    </ClInclude>
    <ClInclude Include="TutorialField.h">
      <Filter>Tutorial</Filter>
    </ClInclude>
    <ClInclude Include="Tutorial.h">
      <Filter>Tutorial</Filter>
    </ClInclude>
    <ClInclude Include="Enemy.h">
      <Filter>Battle</Filter>
    </ClInclude>
    <ClInclude Include="Effect.h">
      <Filter>Utils</Filter>
    </ClInclude>
    <ClInclude Include="Inventory.h">
      <Filter>Utils</Filter>
    </ClInclude>
    <ClInclude Include="Item.h">
      <Filter>Utils</Filter>
    </ClInclude>
    <ClInclude Include="Stoner.h">
      <Filter>Battle</Filter>
    </ClInclude>
    <ClInclude Include="Shielder.h">
      <Filter>Battle</Filter>
    </ClInclude>
    <ClInclude Include="Isidora.h">
      <Filter>Boss\Isidora</Filter>
    </ClInclude>
    <ClInclude Include="BossMap.h">
      <Filter>Boss\Isidora</Filter>
    </ClInclude>
    <ClInclude Include="BossStage.h">
      <Filter>Boss\Isidora</Filter>
    </ClInclude>
    <ClInclude Include="BossMap2.h">
      <Filter>Boss\Pietat</Filter>
    </ClInclude>
    <ClInclude Include="BossStage2.h">
      <Filter>Boss\Pietat</Filter>
    </ClInclude>
    <ClInclude Include="Pietat.h">
      <Filter>Boss\Pietat</Filter>
    </ClInclude>
    <ClInclude Include="Teleport.h" />
  </ItemGroup>
  <ItemGroup>
    <ClCompile Include="WinMain.cpp" />
    <ClCompile Include="MainGame.cpp" />
    <ClCompile Include="GameNode.cpp">
      <Filter>2D FrameWork\GameCore</Filter>
    </ClCompile>
    <ClCompile Include="KeyManager.cpp">
      <Filter>2D FrameWork\FrameWorkManager</Filter>
    </ClCompile>
    <ClCompile Include="ImageManager.cpp">
      <Filter>2D FrameWork\FrameWorkManager</Filter>
    </ClCompile>
    <ClCompile Include="SoundManager.cpp">
      <Filter>2D FrameWork\FrameWorkManager</Filter>
    </ClCompile>
    <ClCompile Include="GImage.cpp">
      <Filter>2D FrameWork\GImage</Filter>
    </ClCompile>
    <ClCompile Include="Stdafx.cpp">
      <Filter>2D FrameWork\PCH</Filter>
    </ClCompile>
    <ClCompile Include="FontManager.cpp">
      <Filter>2D FrameWork\FrameWorkManager</Filter>
    </ClCompile>
    <ClCompile Include="Player.cpp" />
    <ClCompile Include="Acolyte.cpp">
      <Filter>Battle</Filter>
    </ClCompile>
    <ClCompile Include="BaseMap.cpp">
      <Filter>Battle</Filter>
    </ClCompile>
    <ClCompile Include="BattleField.cpp">
      <Filter>Battle</Filter>
    </ClCompile>
    <ClCompile Include="MainMenu.cpp">
      <Filter>MainMenu</Filter>
    </ClCompile>
    <ClCompile Include="TutorialField.cpp">
      <Filter>Tutorial</Filter>
    </ClCompile>
    <ClCompile Include="Tutorial.cpp">
      <Filter>Tutorial</Filter>
    </ClCompile>
    <ClCompile Include="Enemy.cpp">
      <Filter>Battle</Filter>
    </ClCompile>
    <ClCompile Include="Effect.cpp">
      <Filter>Utils</Filter>
    </ClCompile>
    <ClCompile Include="Inventory.cpp">
      <Filter>Utils</Filter>
    </ClCompile>
    <ClCompile Include="Item.cpp">
      <Filter>Utils</Filter>
    </ClCompile>
    <ClCompile Include="Stoner.cpp">
      <Filter>Battle</Filter>
    </ClCompile>
    <ClCompile Include="Shielder.cpp">
      <Filter>Battle</Filter>
    </ClCompile>
    <ClCompile Include="BossMap.cpp">
      <Filter>Boss\Isidora</Filter>
    </ClCompile>
    <ClCompile Include="BossStage.cpp">
      <Filter>Boss\Isidora</Filter>
    </ClCompile>
    <ClCompile Include="Isidora.cpp">
      <Filter>Boss\Isidora</Filter>
    </ClCompile>
    <ClCompile Include="BossMap2.cpp">
      <Filter>Boss\Pietat</Filter>
    </ClCompile>
    <ClCompile Include="BossStage2.cpp">
      <Filter>Boss\Pietat</Filter>
    </ClCompile>
    <ClCompile Include="Pietat.cpp">
      <Filter>Boss\Pietat</Filter>
    </ClCompile>
    <ClCompile Include="Teleport.cpp" />
  </ItemGroup>
</Project>